
Microsoft Visual Studio Solution File, Format Version 12.00
# Visual Studio Version 17
VisualStudioVersion = 17.8.34525.116
MinimumVisualStudioVersion = 10.0.40219.1
Project("{FAE04EC0-301F-11D3-BF4B-00C04F79EFBC}") = "JmAppMédiaMaiorcomE", "JmAppMédiaMaiorcomE\JmAppMédiaMaiorcomE.csproj", "{9FC91CC8-386C-4CD3-BBEB-5D428A1BADA7}"
EndProject
Global
	GlobalSection(SolutionConfigurationPlatforms) = preSolution
		Debug|Any CPU = Debug|Any CPU
		Release|Any CPU = Release|Any CPU
	EndGlobalSection
	GlobalSection(ProjectConfigurationPlatforms) = postSolution
		{9FC91CC8-386C-4CD3-BBEB-5D428A1BADA7}.Debug|Any CPU.ActiveCfg = Debug|Any CPU
		{9FC91CC8-386C-4CD3-BBEB-5D428A1BADA7}.Debug|Any CPU.Build.0 = Debug|Any CPU
		{9FC91CC8-386C-4CD3-BBEB-5D428A1BADA7}.Release|Any CPU.ActiveCfg = Release|Any CPU
		{9FC91CC8-386C-4CD3-BBEB-5D428A1BADA7}.Release|Any CPU.Build.0 = Release|Any CPU
	EndGlobalSection
	GlobalSection(SolutionProperties) = preSolution
		HideSolutionNode = FALSE
	EndGlobalSection
	GlobalSection(ExtensibilityGlobals) = postSolution
		SolutionGuid = {E0AE2ADF-9FE3-4349-92FA-707A1E13AE04}
	EndGlobalSection
EndGlobal
